// !$*UTF8*$!
{
	archiveVersion = 1;
	classes = {
	};
	objectVersion = 55;
	objects = {

/* Begin PBXBuildFile section */
		AC01953528E6DFC600A91D93 /* LaunchView.swift in Sources */ = {isa = PBXBuildFile; fileRef = AC01953428E6DFC600A91D93 /* LaunchView.swift */; };
		AC01953728E6E16B00A91D93 /* LaunchScreen.storyboard in Resources */ = {isa = PBXBuildFile; fileRef = AC01953628E6E16B00A91D93 /* LaunchScreen.storyboard */; };
		AC0F7A4E28B09FE200231361 /* Assets.xcassets in Resources */ = {isa = PBXBuildFile; fileRef = AC0F7A4D28B09FE200231361 /* Assets.xcassets */; };
		AC27CF6B28B5F976002C1737 /* HomeViewModel.swift in Sources */ = {isa = PBXBuildFile; fileRef = AC27CF6A28B5F976002C1737 /* HomeViewModel.swift */; };
		AC27CF6E28B61C1F002C1737 /* CoinDataServices.swift in Sources */ = {isa = PBXBuildFile; fileRef = AC27CF6D28B61C1F002C1737 /* CoinDataServices.swift */; };
		AC41A4E028B6622500373F60 /* NetworkManager.swift in Sources */ = {isa = PBXBuildFile; fileRef = AC41A4DF28B6622500373F60 /* NetworkManager.swift */; };
		AC41A4E328B6860200373F60 /* CoinImageView.swift in Sources */ = {isa = PBXBuildFile; fileRef = AC41A4E228B6860200373F60 /* CoinImageView.swift */; };
		AC41A4E528B687EC00373F60 /* CoinImageService.swift in Sources */ = {isa = PBXBuildFile; fileRef = AC41A4E428B687EC00373F60 /* CoinImageService.swift */; };
		AC41A4E728B68EBC00373F60 /* CoinImageViewModel.swift in Sources */ = {isa = PBXBuildFile; fileRef = AC41A4E628B68EBC00373F60 /* CoinImageViewModel.swift */; };
		AC5059C428B53738009FC2F8 /* Double.swift in Sources */ = {isa = PBXBuildFile; fileRef = AC5059C328B53738009FC2F8 /* Double.swift */; };
		AC5ACE5528BF2998009D1D81 /* PortfolioView.swift in Sources */ = {isa = PBXBuildFile; fileRef = AC5ACE5428BF2998009D1D81 /* PortfolioView.swift */; };
		AC5ACE5928BF51ED009D1D81 /* CoinLogoView.swift in Sources */ = {isa = PBXBuildFile; fileRef = AC5ACE5828BF51ED009D1D81 /* CoinLogoView.swift */; };
		AC5D2B6E28C217D200513C03 /* PortfolioContainer.xcdatamodeld in Sources */ = {isa = PBXBuildFile; fileRef = AC5D2B6C28C217D200513C03 /* PortfolioContainer.xcdatamodeld */; };
		AC5D2B7028C2184600513C03 /* PortfolioDataService.swift in Sources */ = {isa = PBXBuildFile; fileRef = AC5D2B6F28C2184600513C03 /* PortfolioDataService.swift */; };
		AC60E7A328B5038F00F4A794 /* CoinRowView.swift in Sources */ = {isa = PBXBuildFile; fileRef = AC60E7A228B5038F00F4A794 /* CoinRowView.swift */; };
		AC60E7A528B503D000F4A794 /* PreviewProvider.swift in Sources */ = {isa = PBXBuildFile; fileRef = AC60E7A428B503D000F4A794 /* PreviewProvider.swift */; };
		AC6CDDAC28B8B3DC00C2A19E /* HomeStatsView.swift in Sources */ = {isa = PBXBuildFile; fileRef = AC6CDDAB28B8B3DC00C2A19E /* HomeStatsView.swift */; };
		AC8947B428B7913100C7A3C2 /* LocalFileManager.swift in Sources */ = {isa = PBXBuildFile; fileRef = AC8947B328B7913100C7A3C2 /* LocalFileManager.swift */; };
		AC8C98BA28C711A3000840B9 /* CoinDetailModel.swift in Sources */ = {isa = PBXBuildFile; fileRef = AC8C98B928C711A2000840B9 /* CoinDetailModel.swift */; };
		AC8C98BC28C7156A000840B9 /* DetailViewModel.swift in Sources */ = {isa = PBXBuildFile; fileRef = AC8C98BB28C7156A000840B9 /* DetailViewModel.swift */; };
		AC8C98BE28C71593000840B9 /* CoinDetailDataService.swift in Sources */ = {isa = PBXBuildFile; fileRef = AC8C98BD28C71593000840B9 /* CoinDetailDataService.swift */; };
		AC99BDC928D4AAEB0075C1FF /* ChartView.swift in Sources */ = {isa = PBXBuildFile; fileRef = AC99BDC828D4AAEB0075C1FF /* ChartView.swift */; };
		AC9B032628DD929500EDBC53 /* String.swift in Sources */ = {isa = PBXBuildFile; fileRef = AC9B032528DD929500EDBC53 /* String.swift */; };
		AC9B032828DDA98A00EDBC53 /* SettingsView.swift in Sources */ = {isa = PBXBuildFile; fileRef = AC9B032728DDA98A00EDBC53 /* SettingsView.swift */; };
		ACB89FC128B7D6B800C372CD /* SearchBarView.swift in Sources */ = {isa = PBXBuildFile; fileRef = ACB89FC028B7D6B800C372CD /* SearchBarView.swift */; };
		ACB89FC328B7DB3900C372CD /* UIApplication.swift in Sources */ = {isa = PBXBuildFile; fileRef = ACB89FC228B7DB3900C372CD /* UIApplication.swift */; };
		ACBB828E28BE2A2C00159208 /* MarketDataModel.swift in Sources */ = {isa = PBXBuildFile; fileRef = ACBB828D28BE2A2C00159208 /* MarketDataModel.swift */; };
		ACBB829028BE3E6000159208 /* MarketDataService .swift in Sources */ = {isa = PBXBuildFile; fileRef = ACBB828F28BE3E6000159208 /* MarketDataService .swift */; };
		ACBEA39E28B3787E001D61A2 /* HomeView.swift in Sources */ = {isa = PBXBuildFile; fileRef = ACBEA39D28B3787E001D61A2 /* HomeView.swift */; };
		ACBEA3A228B37933001D61A2 /* CircleButtonView.swift in Sources */ = {isa = PBXBuildFile; fileRef = ACBEA3A128B37933001D61A2 /* CircleButtonView.swift */; };
		ACBEA3A428B380B4001D61A2 /* CircleAnimationView.swift in Sources */ = {isa = PBXBuildFile; fileRef = ACBEA3A328B380B4001D61A2 /* CircleAnimationView.swift */; };
		ACBEA3A728B3E15B001D61A2 /* CoinModel.swift in Sources */ = {isa = PBXBuildFile; fileRef = ACBEA3A628B3E15B001D61A2 /* CoinModel.swift */; };
		ACDB500828C661FE004613C3 /* DetailView.swift in Sources */ = {isa = PBXBuildFile; fileRef = ACDB500728C661FE004613C3 /* DetailView.swift */; };
		ACDDCA4128B8A6CE000C1E8A /* StatisticsModel.swift in Sources */ = {isa = PBXBuildFile; fileRef = ACDDCA4028B8A6CD000C1E8A /* StatisticsModel.swift */; };
		ACDDCA4528B8AB17000C1E8A /* StatisticsView.swift in Sources */ = {isa = PBXBuildFile; fileRef = ACDDCA4428B8AB17000C1E8A /* StatisticsView.swift */; };
		ACDFDC3028AFB67F002672B7 /* CryptoTrackerApp.swift in Sources */ = {isa = PBXBuildFile; fileRef = ACDFDC2F28AFB67F002672B7 /* CryptoTrackerApp.swift */; };
		ACDFDC3228AFB67F002672B7 /* ContentView.swift in Sources */ = {isa = PBXBuildFile; fileRef = ACDFDC3128AFB67F002672B7 /* ContentView.swift */; };
		ACDFDC3728AFB682002672B7 /* Preview Assets.xcassets in Resources */ = {isa = PBXBuildFile; fileRef = ACDFDC3628AFB682002672B7 /* Preview Assets.xcassets */; };
		ACDFDC3F28AFB6B7002672B7 /* Color.swift in Sources */ = {isa = PBXBuildFile; fileRef = ACDFDC3E28AFB6B7002672B7 /* Color.swift */; };
		ACEE678628D9D615002A0997 /* Date.swift in Sources */ = {isa = PBXBuildFile; fileRef = ACEE678528D9D615002A0997 /* Date.swift */; };
/* End PBXBuildFile section */

/* Begin PBXFileReference section */
		AC01953428E6DFC600A91D93 /* LaunchView.swift */ = {isa = PBXFileReference; lastKnownFileType = sourcecode.swift; path = LaunchView.swift; sourceTree = "<group>"; };
		AC01953628E6E16B00A91D93 /* LaunchScreen.storyboard */ = {isa = PBXFileReference; lastKnownFileType = file.storyboard; path = LaunchScreen.storyboard; sourceTree = "<group>"; };
		AC0F7A4D28B09FE200231361 /* Assets.xcassets */ = {isa = PBXFileReference; lastKnownFileType = folder.assetcatalog; name = Assets.xcassets; path = "../../../../Downloads/Resources-2/Assets.xcassets"; sourceTree = "<group>"; };
		AC27CF6A28B5F976002C1737 /* HomeViewModel.swift */ = {isa = PBXFileReference; lastKnownFileType = sourcecode.swift; path = HomeViewModel.swift; sourceTree = "<group>"; };
		AC27CF6D28B61C1F002C1737 /* CoinDataServices.swift */ = {isa = PBXFileReference; lastKnownFileType = sourcecode.swift; path = CoinDataServices.swift; sourceTree = "<group>"; };
		AC41A4DF28B6622500373F60 /* NetworkManager.swift */ = {isa = PBXFileReference; lastKnownFileType = sourcecode.swift; path = NetworkManager.swift; sourceTree = "<group>"; };
		AC41A4E228B6860200373F60 /* CoinImageView.swift */ = {isa = PBXFileReference; lastKnownFileType = sourcecode.swift; path = CoinImageView.swift; sourceTree = "<group>"; };
		AC41A4E428B687EC00373F60 /* CoinImageService.swift */ = {isa = PBXFileReference; lastKnownFileType = sourcecode.swift; path = CoinImageService.swift; sourceTree = "<group>"; };
		AC41A4E628B68EBC00373F60 /* CoinImageViewModel.swift */ = {isa = PBXFileReference; lastKnownFileType = sourcecode.swift; path = CoinImageViewModel.swift; sourceTree = "<group>"; };
		AC5059C328B53738009FC2F8 /* Double.swift */ = {isa = PBXFileReference; lastKnownFileType = sourcecode.swift; path = Double.swift; sourceTree = "<group>"; };
		AC5ACE5428BF2998009D1D81 /* PortfolioView.swift */ = {isa = PBXFileReference; lastKnownFileType = sourcecode.swift; path = PortfolioView.swift; sourceTree = "<group>"; };
		AC5ACE5828BF51ED009D1D81 /* CoinLogoView.swift */ = {isa = PBXFileReference; lastKnownFileType = sourcecode.swift; path = CoinLogoView.swift; sourceTree = "<group>"; };
		AC5D2B6D28C217D200513C03 /* PortfolioContainer.xcdatamodel */ = {isa = PBXFileReference; lastKnownFileType = wrapper.xcdatamodel; path = PortfolioContainer.xcdatamodel; sourceTree = "<group>"; };
		AC5D2B6F28C2184600513C03 /* PortfolioDataService.swift */ = {isa = PBXFileReference; lastKnownFileType = sourcecode.swift; path = PortfolioDataService.swift; sourceTree = "<group>"; };
		AC60E7A228B5038F00F4A794 /* CoinRowView.swift */ = {isa = PBXFileReference; lastKnownFileType = sourcecode.swift; path = CoinRowView.swift; sourceTree = "<group>"; };
		AC60E7A428B503D000F4A794 /* PreviewProvider.swift */ = {isa = PBXFileReference; lastKnownFileType = sourcecode.swift; path = PreviewProvider.swift; sourceTree = "<group>"; };
		AC6CDDAB28B8B3DC00C2A19E /* HomeStatsView.swift */ = {isa = PBXFileReference; lastKnownFileType = sourcecode.swift; path = HomeStatsView.swift; sourceTree = "<group>"; };
		AC8947B328B7913100C7A3C2 /* LocalFileManager.swift */ = {isa = PBXFileReference; lastKnownFileType = sourcecode.swift; path = LocalFileManager.swift; sourceTree = "<group>"; };
		AC8C98B928C711A2000840B9 /* CoinDetailModel.swift */ = {isa = PBXFileReference; lastKnownFileType = sourcecode.swift; path = CoinDetailModel.swift; sourceTree = "<group>"; };
		AC8C98BB28C7156A000840B9 /* DetailViewModel.swift */ = {isa = PBXFileReference; lastKnownFileType = sourcecode.swift; path = DetailViewModel.swift; sourceTree = "<group>"; };
		AC8C98BD28C71593000840B9 /* CoinDetailDataService.swift */ = {isa = PBXFileReference; lastKnownFileType = sourcecode.swift; path = CoinDetailDataService.swift; sourceTree = "<group>"; };
		AC99BDC828D4AAEB0075C1FF /* ChartView.swift */ = {isa = PBXFileReference; lastKnownFileType = sourcecode.swift; path = ChartView.swift; sourceTree = "<group>"; };
		AC9B032528DD929500EDBC53 /* String.swift */ = {isa = PBXFileReference; lastKnownFileType = sourcecode.swift; path = String.swift; sourceTree = "<group>"; };
		AC9B032728DDA98A00EDBC53 /* SettingsView.swift */ = {isa = PBXFileReference; lastKnownFileType = sourcecode.swift; path = SettingsView.swift; sourceTree = "<group>"; };
		ACB89FC028B7D6B800C372CD /* SearchBarView.swift */ = {isa = PBXFileReference; lastKnownFileType = sourcecode.swift; path = SearchBarView.swift; sourceTree = "<group>"; };
		ACB89FC228B7DB3900C372CD /* UIApplication.swift */ = {isa = PBXFileReference; lastKnownFileType = sourcecode.swift; path = UIApplication.swift; sourceTree = "<group>"; };
		ACBB828D28BE2A2C00159208 /* MarketDataModel.swift */ = {isa = PBXFileReference; lastKnownFileType = sourcecode.swift; path = MarketDataModel.swift; sourceTree = "<group>"; };
		ACBB828F28BE3E6000159208 /* MarketDataService .swift */ = {isa = PBXFileReference; lastKnownFileType = sourcecode.swift; path = "MarketDataService .swift"; sourceTree = "<group>"; };
		ACBEA39D28B3787E001D61A2 /* HomeView.swift */ = {isa = PBXFileReference; lastKnownFileType = sourcecode.swift; path = HomeView.swift; sourceTree = "<group>"; };
		ACBEA3A128B37933001D61A2 /* CircleButtonView.swift */ = {isa = PBXFileReference; lastKnownFileType = sourcecode.swift; path = CircleButtonView.swift; sourceTree = "<group>"; };
		ACBEA3A328B380B4001D61A2 /* CircleAnimationView.swift */ = {isa = PBXFileReference; lastKnownFileType = sourcecode.swift; path = CircleAnimationView.swift; sourceTree = "<group>"; };
		ACBEA3A628B3E15B001D61A2 /* CoinModel.swift */ = {isa = PBXFileReference; lastKnownFileType = sourcecode.swift; path = CoinModel.swift; sourceTree = "<group>"; };
		ACDB500728C661FE004613C3 /* DetailView.swift */ = {isa = PBXFileReference; lastKnownFileType = sourcecode.swift; path = DetailView.swift; sourceTree = "<group>"; };
		ACDDCA4028B8A6CD000C1E8A /* StatisticsModel.swift */ = {isa = PBXFileReference; lastKnownFileType = sourcecode.swift; path = StatisticsModel.swift; sourceTree = "<group>"; };
		ACDDCA4428B8AB17000C1E8A /* StatisticsView.swift */ = {isa = PBXFileReference; lastKnownFileType = sourcecode.swift; path = StatisticsView.swift; sourceTree = "<group>"; };
		ACDFDC2C28AFB67F002672B7 /* CryptoTracker.app */ = {isa = PBXFileReference; explicitFileType = wrapper.application; includeInIndex = 0; path = CryptoTracker.app; sourceTree = BUILT_PRODUCTS_DIR; };
		ACDFDC2F28AFB67F002672B7 /* CryptoTrackerApp.swift */ = {isa = PBXFileReference; lastKnownFileType = sourcecode.swift; path = CryptoTrackerApp.swift; sourceTree = "<group>"; };
		ACDFDC3128AFB67F002672B7 /* ContentView.swift */ = {isa = PBXFileReference; lastKnownFileType = sourcecode.swift; path = ContentView.swift; sourceTree = "<group>"; };
		ACDFDC3628AFB682002672B7 /* Preview Assets.xcassets */ = {isa = PBXFileReference; lastKnownFileType = folder.assetcatalog; path = "Preview Assets.xcassets"; sourceTree = "<group>"; };
		ACDFDC3E28AFB6B7002672B7 /* Color.swift */ = {isa = PBXFileReference; lastKnownFileType = sourcecode.swift; path = Color.swift; sourceTree = "<group>"; };
		ACEE678528D9D615002A0997 /* Date.swift */ = {isa = PBXFileReference; lastKnownFileType = sourcecode.swift; path = Date.swift; sourceTree = "<group>"; };
/* End PBXFileReference section */

/* Begin PBXFrameworksBuildPhase section */
		ACDFDC2928AFB67F002672B7 /* Frameworks */ = {
			isa = PBXFrameworksBuildPhase;
			buildActionMask = 2147483647;
			files = (
			);
			runOnlyForDeploymentPostprocessing = 0;
		};
/* End PBXFrameworksBuildPhase section */

/* Begin PBXGroup section */
		AC01953128E6DFA800A91D93 /* Launch */ = {
			isa = PBXGroup;
			children = (
				AC01953428E6DFC600A91D93 /* LaunchView.swift */,
				AC01953628E6E16B00A91D93 /* LaunchScreen.storyboard */,
			);
			path = Launch;
			sourceTree = "<group>";
		};
		AC27CF6C28B61BF4002C1737 /* Services */ = {
			isa = PBXGroup;
			children = (
				AC27CF6D28B61C1F002C1737 /* CoinDataServices.swift */,
				AC41A4E428B687EC00373F60 /* CoinImageService.swift */,
				ACBB828F28BE3E6000159208 /* MarketDataService .swift */,
				AC60E7A428B503D000F4A794 /* PreviewProvider.swift */,
				AC5D2B6F28C2184600513C03 /* PortfolioDataService.swift */,
				AC8C98BD28C71593000840B9 /* CoinDetailDataService.swift */,
			);
			path = Services;
			sourceTree = "<group>";
		};
		AC41A4DE28B6621A00373F60 /* Utilities */ = {
			isa = PBXGroup;
			children = (
				AC41A4DF28B6622500373F60 /* NetworkManager.swift */,
				AC8947B328B7913100C7A3C2 /* LocalFileManager.swift */,
			);
			path = Utilities;
			sourceTree = "<group>";
		};
		AC41A4E128B685E700373F60 /* CoinImage */ = {
			isa = PBXGroup;
			children = (
				AC41A4E228B6860200373F60 /* CoinImageView.swift */,
				AC41A4E628B68EBC00373F60 /* CoinImageViewModel.swift */,
				AC5ACE5828BF51ED009D1D81 /* CoinLogoView.swift */,
			);
			path = CoinImage;
			sourceTree = "<group>";
		};
		ACBEA39928B37851001D61A2 /* Core */ = {
			isa = PBXGroup;
			children = (
				ACDB500428C661D4004613C3 /* Details  */,
				ACBEA39F28B37916001D61A2 /* Components */,
				ACBEA39A28B3785D001D61A2 /* Home */,
			);
			path = Core;
			sourceTree = "<group>";
		};
		ACBEA39A28B3785D001D61A2 /* Home */ = {
			isa = PBXGroup;
			children = (
				ACBEA39C28B3786C001D61A2 /* ViewModel */,
				ACBEA39B28B37865001D61A2 /* Views */,
			);
			path = Home;
			sourceTree = "<group>";
		};
		ACBEA39B28B37865001D61A2 /* Views */ = {
			isa = PBXGroup;
			children = (
				ACBEA39D28B3787E001D61A2 /* HomeView.swift */,
				AC60E7A228B5038F00F4A794 /* CoinRowView.swift */,
				AC6CDDAB28B8B3DC00C2A19E /* HomeStatsView.swift */,
				AC5ACE5428BF2998009D1D81 /* PortfolioView.swift */,
			);
			path = Views;
			sourceTree = "<group>";
		};
		ACBEA39C28B3786C001D61A2 /* ViewModel */ = {
			isa = PBXGroup;
			children = (
				AC27CF6A28B5F976002C1737 /* HomeViewModel.swift */,
			);
			path = ViewModel;
			sourceTree = "<group>";
		};
		ACBEA39F28B37916001D61A2 /* Components */ = {
			isa = PBXGroup;
			children = (
				AC01953128E6DFA800A91D93 /* Launch */,
				ACDDCA4428B8AB17000C1E8A /* StatisticsView.swift */,
				ACB89FC028B7D6B800C372CD /* SearchBarView.swift */,
				AC41A4E128B685E700373F60 /* CoinImage */,
				ACBEA3A028B37924001D61A2 /* CircleButton */,
			);
			path = Components;
			sourceTree = "<group>";
		};
		ACBEA3A028B37924001D61A2 /* CircleButton */ = {
			isa = PBXGroup;
			children = (
				ACBEA3A128B37933001D61A2 /* CircleButtonView.swift */,
				ACBEA3A328B380B4001D61A2 /* CircleAnimationView.swift */,
			);
			path = CircleButton;
			sourceTree = "<group>";
		};
		ACBEA3A528B3E152001D61A2 /* Model */ = {
			isa = PBXGroup;
			children = (
				ACBEA3A628B3E15B001D61A2 /* CoinModel.swift */,
				ACDDCA4028B8A6CD000C1E8A /* StatisticsModel.swift */,
				ACBB828D28BE2A2C00159208 /* MarketDataModel.swift */,
				AC8C98B928C711A2000840B9 /* CoinDetailModel.swift */,
				AC5D2B6C28C217D200513C03 /* PortfolioContainer.xcdatamodeld */,
			);
			path = Model;
			sourceTree = "<group>";
		};
		ACDB500428C661D4004613C3 /* Details  */ = {
			isa = PBXGroup;
			children = (
				ACDB500528C661DD004613C3 /* ViewModels */,
				ACDB500628C661EA004613C3 /* Views */,
			);
			path = "Details ";
			sourceTree = "<group>";
		};
		ACDB500528C661DD004613C3 /* ViewModels */ = {
			isa = PBXGroup;
			children = (
				AC8C98BB28C7156A000840B9 /* DetailViewModel.swift */,
			);
			path = ViewModels;
			sourceTree = "<group>";
		};
		ACDB500628C661EA004613C3 /* Views */ = {
			isa = PBXGroup;
			children = (
				ACDB500728C661FE004613C3 /* DetailView.swift */,
				AC99BDC828D4AAEB0075C1FF /* ChartView.swift */,
				AC9B032728DDA98A00EDBC53 /* SettingsView.swift */,
			);
			path = Views;
			sourceTree = "<group>";
		};
		ACDFDC2328AFB67F002672B7 = {
			isa = PBXGroup;
			children = (
				ACDFDC2E28AFB67F002672B7 /* CryptoTracker */,
				ACDFDC2D28AFB67F002672B7 /* Products */,
			);
			sourceTree = "<group>";
		};
		ACDFDC2D28AFB67F002672B7 /* Products */ = {
			isa = PBXGroup;
			children = (
				ACDFDC2C28AFB67F002672B7 /* CryptoTracker.app */,
			);
			name = Products;
			sourceTree = "<group>";
		};
		ACDFDC2E28AFB67F002672B7 /* CryptoTracker */ = {
			isa = PBXGroup;
			children = (
				ACDFDC2F28AFB67F002672B7 /* CryptoTrackerApp.swift */,
				ACDFDC3D28AFB69C002672B7 /* Extensions */,
				AC41A4DE28B6621A00373F60 /* Utilities */,
				AC27CF6C28B61BF4002C1737 /* Services */,
				ACBEA3A528B3E152001D61A2 /* Model */,
				ACBEA39928B37851001D61A2 /* Core */,
				ACDFDC3128AFB67F002672B7 /* ContentView.swift */,
				AC0F7A4D28B09FE200231361 /* Assets.xcassets */,
				ACDFDC3528AFB682002672B7 /* Preview Content */,
			);
			path = CryptoTracker;
			sourceTree = "<group>";
		};
		ACDFDC3528AFB682002672B7 /* Preview Content */ = {
			isa = PBXGroup;
			children = (
				ACDFDC3628AFB682002672B7 /* Preview Assets.xcassets */,
			);
			path = "Preview Content";
			sourceTree = "<group>";
		};
		ACDFDC3D28AFB69C002672B7 /* Extensions */ = {
			isa = PBXGroup;
			children = (
				ACDFDC3E28AFB6B7002672B7 /* Color.swift */,
				AC5059C328B53738009FC2F8 /* Double.swift */,
				ACB89FC228B7DB3900C372CD /* UIApplication.swift */,
				ACEE678528D9D615002A0997 /* Date.swift */,
				AC9B032528DD929500EDBC53 /* String.swift */,
			);
			path = Extensions;
			sourceTree = "<group>";
		};
/* End PBXGroup section */

/* Begin PBXNativeTarget section */
		ACDFDC2B28AFB67F002672B7 /* CryptoTracker */ = {
			isa = PBXNativeTarget;
			buildConfigurationList = ACDFDC3A28AFB682002672B7 /* Build configuration list for PBXNativeTarget "CryptoTracker" */;
			buildPhases = (
				ACDFDC2828AFB67F002672B7 /* Sources */,
				ACDFDC2928AFB67F002672B7 /* Frameworks */,
				ACDFDC2A28AFB67F002672B7 /* Resources */,
			);
			buildRules = (
			);
			dependencies = (
			);
			name = CryptoTracker;
			productName = CryptoTracker;
			productReference = ACDFDC2C28AFB67F002672B7 /* CryptoTracker.app */;
			productType = "com.apple.product-type.application";
		};
/* End PBXNativeTarget section */

/* Begin PBXProject section */
		ACDFDC2428AFB67F002672B7 /* Project object */ = {
			isa = PBXProject;
			attributes = {
				BuildIndependentTargetsInParallel = 1;
				LastSwiftUpdateCheck = 1340;
				LastUpgradeCheck = 1340;
				TargetAttributes = {
					ACDFDC2B28AFB67F002672B7 = {
						CreatedOnToolsVersion = 13.4.1;
					};
				};
			};
			buildConfigurationList = ACDFDC2728AFB67F002672B7 /* Build configuration list for PBXProject "CryptoTracker" */;
			compatibilityVersion = "Xcode 13.0";
			developmentRegion = en;
			hasScannedForEncodings = 0;
			knownRegions = (
				en,
				Base,
			);
			mainGroup = ACDFDC2328AFB67F002672B7;
			productRefGroup = ACDFDC2D28AFB67F002672B7 /* Products */;
			projectDirPath = "";
			projectRoot = "";
			targets = (
				ACDFDC2B28AFB67F002672B7 /* CryptoTracker */,
			);
		};
/* End PBXProject section */

/* Begin PBXResourcesBuildPhase section */
		ACDFDC2A28AFB67F002672B7 /* Resources */ = {
			isa = PBXResourcesBuildPhase;
			buildActionMask = 2147483647;
			files = (
				AC01953728E6E16B00A91D93 /* LaunchScreen.storyboard in Resources */,
				ACDFDC3728AFB682002672B7 /* Preview Assets.xcassets in Resources */,
				AC0F7A4E28B09FE200231361 /* Assets.xcassets in Resources */,
			);
			runOnlyForDeploymentPostprocessing = 0;
		};
/* End PBXResourcesBuildPhase section */

/* Begin PBXSourcesBuildPhase section */
		ACDFDC2828AFB67F002672B7 /* Sources */ = {
			isa = PBXSourcesBuildPhase;
			buildActionMask = 2147483647;
			files = (
				AC5D2B6E28C217D200513C03 /* PortfolioContainer.xcdatamodeld in Sources */,
				AC99BDC928D4AAEB0075C1FF /* ChartView.swift in Sources */,
				AC60E7A328B5038F00F4A794 /* CoinRowView.swift in Sources */,
				AC27CF6B28B5F976002C1737 /* HomeViewModel.swift in Sources */,
				ACDFDC3228AFB67F002672B7 /* ContentView.swift in Sources */,
				AC41A4E028B6622500373F60 /* NetworkManager.swift in Sources */,
				AC8947B428B7913100C7A3C2 /* LocalFileManager.swift in Sources */,
				ACBEA3A428B380B4001D61A2 /* CircleAnimationView.swift in Sources */,
				ACBB828E28BE2A2C00159208 /* MarketDataModel.swift in Sources */,
				AC01953528E6DFC600A91D93 /* LaunchView.swift in Sources */,
				AC41A4E328B6860200373F60 /* CoinImageView.swift in Sources */,
				AC27CF6E28B61C1F002C1737 /* CoinDataServices.swift in Sources */,
				ACDDCA4128B8A6CE000C1E8A /* StatisticsModel.swift in Sources */,
				ACB89FC328B7DB3900C372CD /* UIApplication.swift in Sources */,
				ACDB500828C661FE004613C3 /* DetailView.swift in Sources */,
				ACDDCA4528B8AB17000C1E8A /* StatisticsView.swift in Sources */,
				AC8C98BC28C7156A000840B9 /* DetailViewModel.swift in Sources */,
				ACBEA39E28B3787E001D61A2 /* HomeView.swift in Sources */,
				ACDFDC3028AFB67F002672B7 /* CryptoTrackerApp.swift in Sources */,
				ACB89FC128B7D6B800C372CD /* SearchBarView.swift in Sources */,
				AC8C98BA28C711A3000840B9 /* CoinDetailModel.swift in Sources */,
				ACBEA3A228B37933001D61A2 /* CircleButtonView.swift in Sources */,
				AC9B032828DDA98A00EDBC53 /* SettingsView.swift in Sources */,
				AC5ACE5928BF51ED009D1D81 /* CoinLogoView.swift in Sources */,
				AC6CDDAC28B8B3DC00C2A19E /* HomeStatsView.swift in Sources */,
				ACEE678628D9D615002A0997 /* Date.swift in Sources */,
				ACDFDC3F28AFB6B7002672B7 /* Color.swift in Sources */,
				ACBB829028BE3E6000159208 /* MarketDataService .swift in Sources */,
				AC41A4E728B68EBC00373F60 /* CoinImageViewModel.swift in Sources */,
				AC60E7A528B503D000F4A794 /* PreviewProvider.swift in Sources */,
				AC5ACE5528BF2998009D1D81 /* PortfolioView.swift in Sources */,
				AC5059C428B53738009FC2F8 /* Double.swift in Sources */,
				AC8C98BE28C71593000840B9 /* CoinDetailDataService.swift in Sources */,
				AC41A4E528B687EC00373F60 /* CoinImageService.swift in Sources */,
				AC9B032628DD929500EDBC53 /* String.swift in Sources */,
				ACBEA3A728B3E15B001D61A2 /* CoinModel.swift in Sources */,
				AC5D2B7028C2184600513C03 /* PortfolioDataService.swift in Sources */,
			);
			runOnlyForDeploymentPostprocessing = 0;
		};
/* End PBXSourcesBuildPhase section */

/* Begin XCBuildConfiguration section */
		ACDFDC3828AFB682002672B7 /* Debug */ = {
			isa = XCBuildConfiguration;
			buildSettings = {
				ALWAYS_SEARCH_USER_PATHS = NO;
				CLANG_ANALYZER_NONNULL = YES;
				CLANG_ANALYZER_NUMBER_OBJECT_CONVERSION = YES_AGGRESSIVE;
				CLANG_CXX_LANGUAGE_STANDARD = "gnu++17";
				CLANG_ENABLE_MODULES = YES;
				CLANG_ENABLE_OBJC_ARC = YES;
				CLANG_ENABLE_OBJC_WEAK = YES;
				CLANG_WARN_BLOCK_CAPTURE_AUTORELEASING = YES;
				CLANG_WARN_BOOL_CONVERSION = YES;
				CLANG_WARN_COMMA = YES;
				CLANG_WARN_CONSTANT_CONVERSION = YES;
				CLANG_WARN_DEPRECATED_OBJC_IMPLEMENTATIONS = YES;
				CLANG_WARN_DIRECT_OBJC_ISA_USAGE = YES_ERROR;
				CLANG_WARN_DOCUMENTATION_COMMENTS = YES;
				CLANG_WARN_EMPTY_BODY = YES;
				CLANG_WARN_ENUM_CONVERSION = YES;
				CLANG_WARN_INFINITE_RECURSION = YES;
				CLANG_WARN_INT_CONVERSION = YES;
				CLANG_WARN_NON_LITERAL_NULL_CONVERSION = YES;
				CLANG_WARN_OBJC_IMPLICIT_RETAIN_SELF = YES;
				CLANG_WARN_OBJC_LITERAL_CONVERSION = YES;
				CLANG_WARN_OBJC_ROOT_CLASS = YES_ERROR;
				CLANG_WARN_QUOTED_INCLUDE_IN_FRAMEWORK_HEADER = YES;
				CLANG_WARN_RANGE_LOOP_ANALYSIS = YES;
				CLANG_WARN_STRICT_PROTOTYPES = YES;
				CLANG_WARN_SUSPICIOUS_MOVE = YES;
				CLANG_WARN_UNGUARDED_AVAILABILITY = YES_AGGRESSIVE;
				CLANG_WARN_UNREACHABLE_CODE = YES;
				CLANG_WARN__DUPLICATE_METHOD_MATCH = YES;
				COPY_PHASE_STRIP = NO;
				DEBUG_INFORMATION_FORMAT = dwarf;
				ENABLE_STRICT_OBJC_MSGSEND = YES;
				ENABLE_TESTABILITY = YES;
				GCC_C_LANGUAGE_STANDARD = gnu11;
				GCC_DYNAMIC_NO_PIC = NO;
				GCC_NO_COMMON_BLOCKS = YES;
				GCC_OPTIMIZATION_LEVEL = 0;
				GCC_PREPROCESSOR_DEFINITIONS = (
					"DEBUG=1",
					"$(inherited)",
				);
				GCC_WARN_64_TO_32_BIT_CONVERSION = YES;
				GCC_WARN_ABOUT_RETURN_TYPE = YES_ERROR;
				GCC_WARN_UNDECLARED_SELECTOR = YES;
				GCC_WARN_UNINITIALIZED_AUTOS = YES_AGGRESSIVE;
				GCC_WARN_UNUSED_FUNCTION = YES;
				GCC_WARN_UNUSED_VARIABLE = YES;
				IPHONEOS_DEPLOYMENT_TARGET = 15.5;
				MTL_ENABLE_DEBUG_INFO = INCLUDE_SOURCE;
				MTL_FAST_MATH = YES;
				ONLY_ACTIVE_ARCH = YES;
				SDKROOT = iphoneos;
				SWIFT_ACTIVE_COMPILATION_CONDITIONS = DEBUG;
				SWIFT_OPTIMIZATION_LEVEL = "-Onone";
			};
			name = Debug;
		};
		ACDFDC3928AFB682002672B7 /* Release */ = {
			isa = XCBuildConfiguration;
			buildSettings = {
				ALWAYS_SEARCH_USER_PATHS = NO;
				CLANG_ANALYZER_NONNULL = YES;
				CLANG_ANALYZER_NUMBER_OBJECT_CONVERSION = YES_AGGRESSIVE;
				CLANG_CXX_LANGUAGE_STANDARD = "gnu++17";
				CLANG_ENABLE_MODULES = YES;
				CLANG_ENABLE_OBJC_ARC = YES;
				CLANG_ENABLE_OBJC_WEAK = YES;
				CLANG_WARN_BLOCK_CAPTURE_AUTORELEASING = YES;
				CLANG_WARN_BOOL_CONVERSION = YES;
				CLANG_WARN_COMMA = YES;
				CLANG_WARN_CONSTANT_CONVERSION = YES;
				CLANG_WARN_DEPRECATED_OBJC_IMPLEMENTATIONS = YES;
				CLANG_WARN_DIRECT_OBJC_ISA_USAGE = YES_ERROR;
				CLANG_WARN_DOCUMENTATION_COMMENTS = YES;
				CLANG_WARN_EMPTY_BODY = YES;
				CLANG_WARN_ENUM_CONVERSION = YES;
				CLANG_WARN_INFINITE_RECURSION = YES;
				CLANG_WARN_INT_CONVERSION = YES;
				CLANG_WARN_NON_LITERAL_NULL_CONVERSION = YES;
				CLANG_WARN_OBJC_IMPLICIT_RETAIN_SELF = YES;
				CLANG_WARN_OBJC_LITERAL_CONVERSION = YES;
				CLANG_WARN_OBJC_ROOT_CLASS = YES_ERROR;
				CLANG_WARN_QUOTED_INCLUDE_IN_FRAMEWORK_HEADER = YES;
				CLANG_WARN_RANGE_LOOP_ANALYSIS = YES;
				CLANG_WARN_STRICT_PROTOTYPES = YES;
				CLANG_WARN_SUSPICIOUS_MOVE = YES;
				CLANG_WARN_UNGUARDED_AVAILABILITY = YES_AGGRESSIVE;
				CLANG_WARN_UNREACHABLE_CODE = YES;
				CLANG_WARN__DUPLICATE_METHOD_MATCH = YES;
				COPY_PHASE_STRIP = NO;
				DEBUG_INFORMATION_FORMAT = "dwarf-with-dsym";
				ENABLE_NS_ASSERTIONS = NO;
				ENABLE_STRICT_OBJC_MSGSEND = YES;
				GCC_C_LANGUAGE_STANDARD = gnu11;
				GCC_NO_COMMON_BLOCKS = YES;
				GCC_WARN_64_TO_32_BIT_CONVERSION = YES;
				GCC_WARN_ABOUT_RETURN_TYPE = YES_ERROR;
				GCC_WARN_UNDECLARED_SELECTOR = YES;
				GCC_WARN_UNINITIALIZED_AUTOS = YES_AGGRESSIVE;
				GCC_WARN_UNUSED_FUNCTION = YES;
				GCC_WARN_UNUSED_VARIABLE = YES;
				IPHONEOS_DEPLOYMENT_TARGET = 15.5;
				MTL_ENABLE_DEBUG_INFO = NO;
				MTL_FAST_MATH = YES;
				SDKROOT = iphoneos;
				SWIFT_COMPILATION_MODE = wholemodule;
				SWIFT_OPTIMIZATION_LEVEL = "-O";
				VALIDATE_PRODUCT = YES;
			};
			name = Release;
		};
		ACDFDC3B28AFB682002672B7 /* Debug */ = {
			isa = XCBuildConfiguration;
			buildSettings = {
				ASSETCATALOG_COMPILER_APPICON_NAME = AppIcon;
				ASSETCATALOG_COMPILER_GLOBAL_ACCENT_COLOR_NAME = AccentColor;
				CODE_SIGN_STYLE = Automatic;
				CURRENT_PROJECT_VERSION = 1;
				DEVELOPMENT_ASSET_PATHS = "\"CryptoTracker/Preview Content\"";
				DEVELOPMENT_TEAM = A5554CKQ7Q;
				ENABLE_PREVIEWS = YES;
				GENERATE_INFOPLIST_FILE = YES;
				INFOPLIST_KEY_UIApplicationSceneManifest_Generation = YES;
				INFOPLIST_KEY_UIApplicationSupportsIndirectInputEvents = YES;
				INFOPLIST_KEY_UILaunchScreen_Generation = YES;
				INFOPLIST_KEY_UILaunchStoryboardName = LaunchScreen.storyboard;
				INFOPLIST_KEY_UISupportedInterfaceOrientations = UIInterfaceOrientationPortrait;
				INFOPLIST_KEY_UISupportedInterfaceOrientations_iPad = "UIInterfaceOrientationPortrait UIInterfaceOrientationPortraitUpsideDown UIInterfaceOrientationLandscapeLeft UIInterfaceOrientationLandscapeRight";
				INFOPLIST_KEY_UISupportedInterfaceOrientations_iPhone = "UIInterfaceOrientationPortrait UIInterfaceOrientationLandscapeLeft UIInterfaceOrientationLandscapeRight";
				IPHONEOS_DEPLOYMENT_TARGET = 15.5;
				LD_RUNPATH_SEARCH_PATHS = (
					"$(inherited)",
					"@executable_path/Frameworks",
				);
				MARKETING_VERSION = 1.0;
				PRODUCT_BUNDLE_IDENTIFIER = Yashpatil.CryptoTracker;
				PRODUCT_NAME = "$(TARGET_NAME)";
				SWIFT_EMIT_LOC_STRINGS = YES;
				SWIFT_VERSION = 5.0;
				TARGETED_DEVICE_FAMILY = "1,2";
			};
			name = Debug;
		};
		ACDFDC3C28AFB682002672B7 /* Release */ = {
			isa = XCBuildConfiguration;
			buildSettings = {
				ASSETCATALOG_COMPILER_APPICON_NAME = AppIcon;
				ASSETCATALOG_COMPILER_GLOBAL_ACCENT_COLOR_NAME = AccentColor;
				CODE_SIGN_STYLE = Automatic;
				CURRENT_PROJECT_VERSION = 1;
				DEVELOPMENT_ASSET_PATHS = "\"CryptoTracker/Preview Content\"";
				DEVELOPMENT_TEAM = A5554CKQ7Q;
				ENABLE_PREVIEWS = YES;
				GENERATE_INFOPLIST_FILE = YES;
				INFOPLIST_KEY_UIApplicationSceneManifest_Generation = YES;
				INFOPLIST_KEY_UIApplicationSupportsIndirectInputEvents = YES;
				INFOPLIST_KEY_UILaunchScreen_Generation = YES;
				INFOPLIST_KEY_UILaunchStoryboardName = LaunchScreen.storyboard;
				INFOPLIST_KEY_UISupportedInterfaceOrientations = UIInterfaceOrientationPortrait;
				INFOPLIST_KEY_UISupportedInterfaceOrientations_iPad = "UIInterfaceOrientationPortrait UIInterfaceOrientationPortraitUpsideDown UIInterfaceOrientationLandscapeLeft UIInterfaceOrientationLandscapeRight";
				INFOPLIST_KEY_UISupportedInterfaceOrientations_iPhone = "UIInterfaceOrientationPortrait UIInterfaceOrientationLandscapeLeft UIInterfaceOrientationLandscapeRight";
				IPHONEOS_DEPLOYMENT_TARGET = 15.5;
				LD_RUNPATH_SEARCH_PATHS = (
					"$(inherited)",
					"@executable_path/Frameworks",
				);
				MARKETING_VERSION = 1.0;
				PRODUCT_BUNDLE_IDENTIFIER = Yashpatil.CryptoTracker;
				PRODUCT_NAME = "$(TARGET_NAME)";
				SWIFT_EMIT_LOC_STRINGS = YES;
				SWIFT_VERSION = 5.0;
				TARGETED_DEVICE_FAMILY = "1,2";
			};
			name = Release;
		};
/* End XCBuildConfiguration section */

/* Begin XCConfigurationList section */
		ACDFDC2728AFB67F002672B7 /* Build configuration list for PBXProject "CryptoTracker" */ = {
			isa = XCConfigurationList;
			buildConfigurations = (
				ACDFDC3828AFB682002672B7 /* Debug */,
				ACDFDC3928AFB682002672B7 /* Release */,
			);
			defaultConfigurationIsVisible = 0;
			defaultConfigurationName = Release;
		};
		ACDFDC3A28AFB682002672B7 /* Build configuration list for PBXNativeTarget "CryptoTracker" */ = {
			isa = XCConfigurationList;
			buildConfigurations = (
				ACDFDC3B28AFB682002672B7 /* Debug */,
				ACDFDC3C28AFB682002672B7 /* Release */,
			);
			defaultConfigurationIsVisible = 0;
			defaultConfigurationName = Release;
		};
/* End XCConfigurationList section */

/* Begin XCVersionGroup section */
		AC5D2B6C28C217D200513C03 /* PortfolioContainer.xcdatamodeld */ = {
			isa = XCVersionGroup;
			children = (
				AC5D2B6D28C217D200513C03 /* PortfolioContainer.xcdatamodel */,
			);
			currentVersion = AC5D2B6D28C217D200513C03 /* PortfolioContainer.xcdatamodel */;
			path = PortfolioContainer.xcdatamodeld;
			sourceTree = "<group>";
			versionGroupType = wrapper.xcdatamodel;
		};
/* End XCVersionGroup section */
	};
	rootObject = ACDFDC2428AFB67F002672B7 /* Project object */;
}
